// !$*UTF8*$!
{
	archiveVersion = 1;
	classes = {
	};
	objectVersion = 46;
	objects = {

/* Begin PBXBuildFile section */
		F00BB5EB1CED608800311635 /* main.m in Sources */ = {isa = PBXBuildFile; fileRef = F00BB5EA1CED608800311635 /* main.m */; };
		F00BB5EE1CED608800311635 /* AppDelegate.m in Sources */ = {isa = PBXBuildFile; fileRef = F00BB5ED1CED608800311635 /* AppDelegate.m */; };
		F00BB5F11CED608800311635 /* RootViewController.m in Sources */ = {isa = PBXBuildFile; fileRef = F00BB5F01CED608800311635 /* RootViewController.m */; };
		F00BB5F41CED608800311635 /* DataViewController.m in Sources */ = {isa = PBXBuildFile; fileRef = F00BB5F31CED608800311635 /* DataViewController.m */; };
		F00BB5F71CED608800311635 /* ModelController.m in Sources */ = {isa = PBXBuildFile; fileRef = F00BB5F61CED608800311635 /* ModelController.m */; };
		F00BB5FA1CED608800311635 /* Main.storyboard in Resources */ = {isa = PBXBuildFile; fileRef = F00BB5F81CED608800311635 /* Main.storyboard */; };
		F00BB5FC1CED608800311635 /* Assets.xcassets in Resources */ = {isa = PBXBuildFile; fileRef = F00BB5FB1CED608800311635 /* Assets.xcassets */; };
		F00BB5FF1CED608800311635 /* LaunchScreen.storyboard in Resources */ = {isa = PBXBuildFile; fileRef = F00BB5FD1CED608800311635 /* LaunchScreen.storyboard */; };
		F00BB60A1CED608900311635 /* IOSTestTests.m in Sources */ = {isa = PBXBuildFile; fileRef = F00BB6091CED608900311635 /* IOSTestTests.m */; };
		F00BB6151CED608900311635 /* IOSTestUITests.m in Sources */ = {isa = PBXBuildFile; fileRef = F00BB6141CED608900311635 /* IOSTestUITests.m */; };
/* End PBXBuildFile section */

/* Begin PBXContainerItemProxy section */
		F00BB6061CED608900311635 /* PBXContainerItemProxy */ = {
			isa = PBXContainerItemProxy;
			containerPortal = F00BB5DE1CED608700311635 /* Project object */;
			proxyType = 1;
			remoteGlobalIDString = F00BB5E51CED608800311635;
			remoteInfo = IOSTest;
		};
		F00BB6111CED608900311635 /* PBXContainerItemProxy */ = {
			isa = PBXContainerItemProxy;
			containerPortal = F00BB5DE1CED608700311635 /* Project object */;
			proxyType = 1;
			remoteGlobalIDString = F00BB5E51CED608800311635;
			remoteInfo = IOSTest;
		};
/* End PBXContainerItemProxy section */

/* Begin PBXFileReference section */
		F00BB5E61CED608800311635 /* IOSTest.app */ = {isa = PBXFileReference; explicitFileType = wrapper.application; includeInIndex = 0; path = IOSTest.app; sourceTree = BUILT_PRODUCTS_DIR; };
		F00BB5EA1CED608800311635 /* main.m */ = {isa = PBXFileReference; lastKnownFileType = sourcecode.c.objc; path = main.m; sourceTree = "<group>"; };
		F00BB5EC1CED608800311635 /* AppDelegate.h */ = {isa = PBXFileReference; lastKnownFileType = sourcecode.c.h; path = AppDelegate.h; sourceTree = "<group>"; };
		F00BB5ED1CED608800311635 /* AppDelegate.m */ = {isa = PBXFileReference; lastKnownFileType = sourcecode.c.objc; path = AppDelegate.m; sourceTree = "<group>"; };
		F00BB5EF1CED608800311635 /* RootViewController.h */ = {isa = PBXFileReference; lastKnownFileType = sourcecode.c.h; path = RootViewController.h; sourceTree = "<group>"; };
		F00BB5F01CED608800311635 /* RootViewController.m */ = {isa = PBXFileReference; lastKnownFileType = sourcecode.c.objc; path = RootViewController.m; sourceTree = "<group>"; };
		F00BB5F21CED608800311635 /* DataViewController.h */ = {isa = PBXFileReference; lastKnownFileType = sourcecode.c.h; path = DataViewController.h; sourceTree = "<group>"; };
		F00BB5F31CED608800311635 /* DataViewController.m */ = {isa = PBXFileReference; lastKnownFileType = sourcecode.c.objc; path = DataViewController.m; sourceTree = "<group>"; };
		F00BB5F51CED608800311635 /* ModelController.h */ = {isa = PBXFileReference; lastKnownFileType = sourcecode.c.h; path = ModelController.h; sourceTree = "<group>"; };
		F00BB5F61CED608800311635 /* ModelController.m */ = {isa = PBXFileReference; lastKnownFileType = sourcecode.c.objc; path = ModelController.m; sourceTree = "<group>"; };
		F00BB5F91CED608800311635 /* Base */ = {isa = PBXFileReference; lastKnownFileType = file.storyboard; name = Base; path = Base.lproj/Main.storyboard; sourceTree = "<group>"; };
		F00BB5FB1CED608800311635 /* Assets.xcassets */ = {isa = PBXFileReference; lastKnownFileType = folder.assetcatalog; path = Assets.xcassets; sourceTree = "<group>"; };
		F00BB5FE1CED608800311635 /* Base */ = {isa = PBXFileReference; lastKnownFileType = file.storyboard; name = Base; path = Base.lproj/LaunchScreen.storyboard; sourceTree = "<group>"; };
		F00BB6001CED608800311635 /* Info.plist */ = {isa = PBXFileReference; lastKnownFileType = text.plist.xml; path = Info.plist; sourceTree = "<group>"; };
		F00BB6051CED608900311635 /* IOSTestTests.xctest */ = {isa = PBXFileReference; explicitFileType = wrapper.cfbundle; includeInIndex = 0; path = IOSTestTests.xctest; sourceTree = BUILT_PRODUCTS_DIR; };
		F00BB6091CED608900311635 /* IOSTestTests.m */ = {isa = PBXFileReference; lastKnownFileType = sourcecode.c.objc; path = IOSTestTests.m; sourceTree = "<group>"; };
		F00BB60B1CED608900311635 /* Info.plist */ = {isa = PBXFileReference; lastKnownFileType = text.plist.xml; path = Info.plist; sourceTree = "<group>"; };
		F00BB6101CED608900311635 /* IOSTestUITests.xctest */ = {isa = PBXFileReference; explicitFileType = wrapper.cfbundle; includeInIndex = 0; path = IOSTestUITests.xctest; sourceTree = BUILT_PRODUCTS_DIR; };
		F00BB6141CED608900311635 /* IOSTestUITests.m */ = {isa = PBXFileReference; lastKnownFileType = sourcecode.c.objc; path = IOSTestUITests.m; sourceTree = "<group>"; };
		F00BB6161CED608900311635 /* Info.plist */ = {isa = PBXFileReference; lastKnownFileType = text.plist.xml; path = Info.plist; sourceTree = "<group>"; };
/* End PBXFileReference section */

/* Begin PBXFrameworksBuildPhase section */
		F00BB5E31CED608800311635 /* Frameworks */ = {
			isa = PBXFrameworksBuildPhase;
			buildActionMask = 2147483647;
			files = (
			);
			runOnlyForDeploymentPostprocessing = 0;
		};
		F00BB6021CED608900311635 /* Frameworks */ = {
			isa = PBXFrameworksBuildPhase;
			buildActionMask = 2147483647;
			files = (
			);
			runOnlyForDeploymentPostprocessing = 0;
		};
		F00BB60D1CED608900311635 /* Frameworks */ = {
			isa = PBXFrameworksBuildPhase;
			buildActionMask = 2147483647;
			files = (
			);
			runOnlyForDeploymentPostprocessing = 0;
		};
/* End PBXFrameworksBuildPhase section */

/* Begin PBXGroup section */
		F00BB5DD1CED608700311635 = {
			isa = PBXGroup;
			children = (
				F00BB5E81CED608800311635 /* IOSTest */,
				F00BB6081CED608900311635 /* IOSTestTests */,
				F00BB6131CED608900311635 /* IOSTestUITests */,
				F00BB5E71CED608800311635 /* Products */,
			);
			sourceTree = "<group>";
		};
		F00BB5E71CED608800311635 /* Products */ = {
			isa = PBXGroup;
			children = (
				F00BB5E61CED608800311635 /* IOSTest.app */,
				F00BB6051CED608900311635 /* IOSTestTests.xctest */,
				F00BB6101CED608900311635 /* IOSTestUITests.xctest */,
			);
			name = Products;
			sourceTree = "<group>";
		};
		F00BB5E81CED608800311635 /* IOSTest */ = {
			isa = PBXGroup;
			children = (
				F00BB5EC1CED608800311635 /* AppDelegate.h */,
				F00BB5ED1CED608800311635 /* AppDelegate.m */,
				F00BB5EF1CED608800311635 /* RootViewController.h */,
				F00BB5F01CED608800311635 /* RootViewController.m */,
				F00BB5F21CED608800311635 /* DataViewController.h */,
				F00BB5F31CED608800311635 /* DataViewController.m */,
				F00BB5F51CED608800311635 /* ModelController.h */,
				F00BB5F61CED608800311635 /* ModelController.m */,
				F00BB5F81CED608800311635 /* Main.storyboard */,
				F00BB5FB1CED608800311635 /* Assets.xcassets */,
				F00BB5FD1CED608800311635 /* LaunchScreen.storyboard */,
				F00BB6001CED608800311635 /* Info.plist */,
				F00BB5E91CED608800311635 /* Supporting Files */,
			);
			path = IOSTest;
			sourceTree = "<group>";
		};
		F00BB5E91CED608800311635 /* Supporting Files */ = {
			isa = PBXGroup;
			children = (
				F00BB5EA1CED608800311635 /* main.m */,
			);
			name = "Supporting Files";
			sourceTree = "<group>";
		};
		F00BB6081CED608900311635 /* IOSTestTests */ = {
			isa = PBXGroup;
			children = (
				F00BB6091CED608900311635 /* IOSTestTests.m */,
				F00BB60B1CED608900311635 /* Info.plist */,
			);
			path = IOSTestTests;
			sourceTree = "<group>";
		};
		F00BB6131CED608900311635 /* IOSTestUITests */ = {
			isa = PBXGroup;
			children = (
				F00BB6141CED608900311635 /* IOSTestUITests.m */,
				F00BB6161CED608900311635 /* Info.plist */,
			);
			path = IOSTestUITests;
			sourceTree = "<group>";
		};
/* End PBXGroup section */

/* Begin PBXNativeTarget section */
		F00BB5E51CED608800311635 /* IOSTest */ = {
			isa = PBXNativeTarget;
			buildConfigurationList = F00BB6191CED608900311635 /* Build configuration list for PBXNativeTarget "IOSTest" */;
			buildPhases = (
				F00BB5E21CED608800311635 /* Sources */,
				F00BB5E31CED608800311635 /* Frameworks */,
				F00BB5E41CED608800311635 /* Resources */,
			);
			buildRules = (
			);
			dependencies = (
			);
			name = IOSTest;
			productName = IOSTest;
			productReference = F00BB5E61CED608800311635 /* IOSTest.app */;
			productType = "com.apple.product-type.application";
		};
		F00BB6041CED608900311635 /* IOSTestTests */ = {
			isa = PBXNativeTarget;
			buildConfigurationList = F00BB61C1CED608900311635 /* Build configuration list for PBXNativeTarget "IOSTestTests" */;
			buildPhases = (
				F00BB6011CED608900311635 /* Sources */,
				F00BB6021CED608900311635 /* Frameworks */,
				F00BB6031CED608900311635 /* Resources */,
			);
			buildRules = (
			);
			dependencies = (
				F00BB6071CED608900311635 /* PBXTargetDependency */,
			);
			name = IOSTestTests;
			productName = IOSTestTests;
			productReference = F00BB6051CED608900311635 /* IOSTestTests.xctest */;
			productType = "com.apple.product-type.bundle.unit-test";
		};
		F00BB60F1CED608900311635 /* IOSTestUITests */ = {
			isa = PBXNativeTarget;
			buildConfigurationList = F00BB61F1CED608900311635 /* Build configuration list for PBXNativeTarget "IOSTestUITests" */;
			buildPhases = (
				F00BB60C1CED608900311635 /* Sources */,
				F00BB60D1CED608900311635 /* Frameworks */,
				F00BB60E1CED608900311635 /* Resources */,
			);
			buildRules = (
			);
			dependencies = (
				F00BB6121CED608900311635 /* PBXTargetDependency */,
			);
			name = IOSTestUITests;
			productName = IOSTestUITests;
			productReference = F00BB6101CED608900311635 /* IOSTestUITests.xctest */;
			productType = "com.apple.product-type.bundle.ui-testing";
		};
/* End PBXNativeTarget section */

/* Begin PBXProject section */
		F00BB5DE1CED608700311635 /* Project object */ = {
			isa = PBXProject;
			attributes = {
				LastUpgradeCheck = 0730;
				ORGANIZATIONNAME = qizl;
				TargetAttributes = {
					F00BB5E51CED608800311635 = {
						CreatedOnToolsVersion = 7.3;
						DevelopmentTeam = 9N8R8B92YP;
					};
					F00BB6041CED608900311635 = {
						CreatedOnToolsVersion = 7.3;
						DevelopmentTeam = 9N8R8B92YP;
						TestTargetID = F00BB5E51CED608800311635;
					};
					F00BB60F1CED608900311635 = {
						CreatedOnToolsVersion = 7.3;
						DevelopmentTeam = 9N8R8B92YP;
						TestTargetID = F00BB5E51CED608800311635;
					};
				};
			};
			buildConfigurationList = F00BB5E11CED608700311635 /* Build configuration list for PBXProject "IOSTest" */;
			compatibilityVersion = "Xcode 3.2";
			developmentRegion = English;
			hasScannedForEncodings = 0;
			knownRegions = (
				en,
				Base,
			);
			mainGroup = F00BB5DD1CED608700311635;
			productRefGroup = F00BB5E71CED608800311635 /* Products */;
			projectDirPath = "";
			projectRoot = "";
			targets = (
				F00BB5E51CED608800311635 /* IOSTest */,
				F00BB6041CED608900311635 /* IOSTestTests */,
				F00BB60F1CED608900311635 /* IOSTestUITests */,
			);
		};
/* End PBXProject section */

/* Begin PBXResourcesBuildPhase section */
		F00BB5E41CED608800311635 /* Resources */ = {
			isa = PBXResourcesBuildPhase;
			buildActionMask = 2147483647;
			files = (
				F00BB5FF1CED608800311635 /* LaunchScreen.storyboard in Resources */,
				F00BB5FC1CED608800311635 /* Assets.xcassets in Resources */,
				F00BB5FA1CED608800311635 /* Main.storyboard in Resources */,
			);
			runOnlyForDeploymentPostprocessing = 0;
		};
		F00BB6031CED608900311635 /* Resources */ = {
			isa = PBXResourcesBuildPhase;
			buildActionMask = 2147483647;
			files = (
			);
			runOnlyForDeploymentPostprocessing = 0;
		};
		F00BB60E1CED608900311635 /* Resources */ = {
			isa = PBXResourcesBuildPhase;
			buildActionMask = 2147483647;
			files = (
			);
			runOnlyForDeploymentPostprocessing = 0;
		};
/* End PBXResourcesBuildPhase section */

/* Begin PBXSourcesBuildPhase section */
		F00BB5E21CED608800311635 /* Sources */ = {
			isa = PBXSourcesBuildPhase;
			buildActionMask = 2147483647;
			files = (
				F00BB5F41CED608800311635 /* DataViewController.m in Sources */,
				F00BB5EE1CED608800311635 /* AppDelegate.m in Sources */,
				F00BB5F71CED608800311635 /* ModelController.m in Sources */,
				F00BB5EB1CED608800311635 /* main.m in Sources */,
				F00BB5F11CED608800311635 /* RootViewController.m in Sources */,
			);
			runOnlyForDeploymentPostprocessing = 0;
		};
		F00BB6011CED608900311635 /* Sources */ = {
			isa = PBXSourcesBuildPhase;
			buildActionMask = 2147483647;
			files = (
				F00BB60A1CED608900311635 /* IOSTestTests.m in Sources */,
			);
			runOnlyForDeploymentPostprocessing = 0;
		};
		F00BB60C1CED608900311635 /* Sources */ = {
			isa = PBXSourcesBuildPhase;
			buildActionMask = 2147483647;
			files = (
				F00BB6151CED608900311635 /* IOSTestUITests.m in Sources */,
			);
			runOnlyForDeploymentPostprocessing = 0;
		};
/* End PBXSourcesBuildPhase section */

/* Begin PBXTargetDependency section */
		F00BB6071CED608900311635 /* PBXTargetDependency */ = {
			isa = PBXTargetDependency;
			target = F00BB5E51CED608800311635 /* IOSTest */;
			targetProxy = F00BB6061CED608900311635 /* PBXContainerItemProxy */;
		};
		F00BB6121CED608900311635 /* PBXTargetDependency */ = {
			isa = PBXTargetDependency;
			target = F00BB5E51CED608800311635 /* IOSTest */;
			targetProxy = F00BB6111CED608900311635 /* PBXContainerItemProxy */;
		};
/* End PBXTargetDependency section */

/* Begin PBXVariantGroup section */
		F00BB5F81CED608800311635 /* Main.storyboard */ = {
			isa = PBXVariantGroup;
			children = (
				F00BB5F91CED608800311635 /* Base */,
			);
			name = Main.storyboard;
			sourceTree = "<group>";
		};
		F00BB5FD1CED608800311635 /* LaunchScreen.storyboard */ = {
			isa = PBXVariantGroup;
			children = (
				F00BB5FE1CED608800311635 /* Base */,
			);
			name = LaunchScreen.storyboard;
			sourceTree = "<group>";
		};
/* End PBXVariantGroup section */

/* Begin XCBuildConfiguration section */
		F00BB6171CED608900311635 /* Debug */ = {
			isa = XCBuildConfiguration;
			buildSettings = {
				ALWAYS_SEARCH_USER_PATHS = NO;
				CLANG_ANALYZER_NONNULL = YES;
				CLANG_CXX_LANGUAGE_STANDARD = "gnu++0x";
				CLANG_CXX_LIBRARY = "libc++";
				CLANG_ENABLE_MODULES = YES;
				CLANG_ENABLE_OBJC_ARC = YES;
				CLANG_WARN_BOOL_CONVERSION = YES;
				CLANG_WARN_CONSTANT_CONVERSION = YES;
				CLANG_WARN_DIRECT_OBJC_ISA_USAGE = YES_ERROR;
				CLANG_WARN_EMPTY_BODY = YES;
				CLANG_WARN_ENUM_CONVERSION = YES;
				CLANG_WARN_INT_CONVERSION = YES;
				CLANG_WARN_OBJC_ROOT_CLASS = YES_ERROR;
				CLANG_WARN_UNREACHABLE_CODE = YES;
				CLANG_WARN__DUPLICATE_METHOD_MATCH = YES;
				"CODE_SIGN_IDENTITY[sdk=iphoneos*]" = "iPhone Developer";
				COPY_PHASE_STRIP = NO;
				DEBUG_INFORMATION_FORMAT = dwarf;
				ENABLE_STRICT_OBJC_MSGSEND = YES;
				ENABLE_TESTABILITY = YES;
				GCC_C_LANGUAGE_STANDARD = gnu99;
				GCC_DYNAMIC_NO_PIC = NO;
				GCC_NO_COMMON_BLOCKS = YES;
				GCC_OPTIMIZATION_LEVEL = 0;
				GCC_PREPROCESSOR_DEFINITIONS = (
					"DEBUG=1",
					"$(inherited)",
				);
				GCC_WARN_64_TO_32_BIT_CONVERSION = YES;
				GCC_WARN_ABOUT_RETURN_TYPE = YES_ERROR;
				GCC_WARN_UNDECLARED_SELECTOR = YES;
				GCC_WARN_UNINITIALIZED_AUTOS = YES_AGGRESSIVE;
				GCC_WARN_UNUSED_FUNCTION = YES;
				GCC_WARN_UNUSED_VARIABLE = YES;
				IPHONEOS_DEPLOYMENT_TARGET = 9.3;
				MTL_ENABLE_DEBUG_INFO = YES;
				ONLY_ACTIVE_ARCH = YES;
				SDKROOT = iphoneos;
			};
			name = Debug;
		};
		F00BB6181CED608900311635 /* Release */ = {
			isa = XCBuildConfiguration;
			buildSettings = {
				ALWAYS_SEARCH_USER_PATHS = NO;
				CLANG_ANALYZER_NONNULL = YES;
				CLANG_CXX_LANGUAGE_STANDARD = "gnu++0x";
				CLANG_CXX_LIBRARY = "libc++";
				CLANG_ENABLE_MODULES = YES;
				CLANG_ENABLE_OBJC_ARC = YES;
				CLANG_WARN_BOOL_CONVERSION = YES;
				CLANG_WARN_CONSTANT_CONVERSION = YES;
				CLANG_WARN_DIRECT_OBJC_ISA_USAGE = YES_ERROR;
				CLANG_WARN_EMPTY_BODY = YES;
				CLANG_WARN_ENUM_CONVERSION = YES;
				CLANG_WARN_INT_CONVERSION = YES;
				CLANG_WARN_OBJC_ROOT_CLASS = YES_ERROR;
				CLANG_WARN_UNREACHABLE_CODE = YES;
				CLANG_WARN__DUPLICATE_METHOD_MATCH = YES;
				"CODE_SIGN_IDENTITY[sdk=iphoneos*]" = "iPhone Developer";
				COPY_PHASE_STRIP = NO;
				DEBUG_INFORMATION_FORMAT = "dwarf-with-dsym";
				ENABLE_NS_ASSERTIONS = NO;
				ENABLE_STRICT_OBJC_MSGSEND = YES;
				GCC_C_LANGUAGE_STANDARD = gnu99;
				GCC_NO_COMMON_BLOCKS = YES;
				GCC_WARN_64_TO_32_BIT_CONVERSION = YES;
				GCC_WARN_ABOUT_RETURN_TYPE = YES_ERROR;
				GCC_WARN_UNDECLARED_SELECTOR = YES;
				GCC_WARN_UNINITIALIZED_AUTOS = YES_AGGRESSIVE;
				GCC_WARN_UNUSED_FUNCTION = YES;
				GCC_WARN_UNUSED_VARIABLE = YES;
				IPHONEOS_DEPLOYMENT_TARGET = 9.3;
				MTL_ENABLE_DEBUG_INFO = NO;
				SDKROOT = iphoneos;
				VALIDATE_PRODUCT = YES;
			};
			name = Release;
		};
		F00BB61A1CED608900311635 /* Debug */ = {
			isa = XCBuildConfiguration;
			buildSettings = {
				ASSETCATALOG_COMPILER_APPICON_NAME = AppIcon;
				INFOPLIST_FILE = IOSTest/Info.plist;
				LD_RUNPATH_SEARCH_PATHS = "$(inherited) @executable_path/Frameworks";
				PRODUCT_BUNDLE_IDENTIFIER = com.enjoycodes.IOSTest;
				PRODUCT_NAME = "$(TARGET_NAME)";
			};
			name = Debug;
		};
		F00BB61B1CED608900311635 /* Release */ = {
			isa = XCBuildConfiguration;
			buildSettings = {
				ASSETCATALOG_COMPILER_APPICON_NAME = AppIcon;
				INFOPLIST_FILE = IOSTest/Info.plist;
				LD_RUNPATH_SEARCH_PATHS = "$(inherited) @executable_path/Frameworks";
				PRODUCT_BUNDLE_IDENTIFIER = com.enjoycodes.IOSTest;
				PRODUCT_NAME = "$(TARGET_NAME)";
			};
			name = Release;
		};
		F00BB61D1CED608900311635 /* Debug */ = {
			isa = XCBuildConfiguration;
			buildSettings = {
				BUNDLE_LOADER = "$(TEST_HOST)";
				INFOPLIST_FILE = IOSTestTests/Info.plist;
				LD_RUNPATH_SEARCH_PATHS = "$(inherited) @executable_path/Frameworks @loader_path/Frameworks";
				PRODUCT_BUNDLE_IDENTIFIER = com.enjoycodes.IOSTestTests;
				PRODUCT_NAME = "$(TARGET_NAME)";
				TEST_HOST = "$(BUILT_PRODUCTS_DIR)/IOSTest.app/IOSTest";
			};
			name = Debug;
		};
		F00BB61E1CED608900311635 /* Release */ = {
			isa = XCBuildConfiguration;
			buildSettings = {
				BUNDLE_LOADER = "$(TEST_HOST)";
				INFOPLIST_FILE = IOSTestTests/Info.plist;
				LD_RUNPATH_SEARCH_PATHS = "$(inherited) @executable_path/Frameworks @loader_path/Frameworks";
				PRODUCT_BUNDLE_IDENTIFIER = com.enjoycodes.IOSTestTests;
				PRODUCT_NAME = "$(TARGET_NAME)";
				TEST_HOST = "$(BUILT_PRODUCTS_DIR)/IOSTest.app/IOSTest";
			};
			name = Release;
		};
		F00BB6201CED608900311635 /* Debug */ = {
			isa = XCBuildConfiguration;
			buildSettings = {
				INFOPLIST_FILE = IOSTestUITests/Info.plist;
				LD_RUNPATH_SEARCH_PATHS = "$(inherited) @executable_path/Frameworks @loader_path/Frameworks";
				PRODUCT_BUNDLE_IDENTIFIER = com.enjoycodes.IOSTestUITests;
				PRODUCT_NAME = "$(TARGET_NAME)";
				TEST_TARGET_NAME = IOSTest;
			};
			name = Debug;
		};
		F00BB6211CED608900311635 /* Release */ = {
			isa = XCBuildConfiguration;
			buildSettings = {
				INFOPLIST_FILE = IOSTestUITests/Info.plist;
				LD_RUNPATH_SEARCH_PATHS = "$(inherited) @executable_path/Frameworks @loader_path/Frameworks";
				PRODUCT_BUNDLE_IDENTIFIER = com.enjoycodes.IOSTestUITests;
				PRODUCT_NAME = "$(TARGET_NAME)";
				TEST_TARGET_NAME = IOSTest;
			};
			name = Release;
		};
/* End XCBuildConfiguration section */

/* Begin XCConfigurationList section */
		F00BB5E11CED608700311635 /* Build configuration list for PBXProject "IOSTest" */ = {
			isa = XCConfigurationList;
			buildConfigurations = (
				F00BB6171CED608900311635 /* Debug */,
				F00BB6181CED608900311635 /* Release */,
			);
			defaultConfigurationIsVisible = 0;
			defaultConfigurationName = Release;
		};
		F00BB6191CED608900311635 /* Build configuration list for PBXNativeTarget "IOSTest" */ = {
			isa = XCConfigurationList;
			buildConfigurations = (
				F00BB61A1CED608900311635 /* Debug */,
				F00BB61B1CED608900311635 /* Release */,
			);
			defaultConfigurationIsVisible = 0;
		};
		F00BB61C1CED608900311635 /* Build configuration list for PBXNativeTarget "IOSTestTests" */ = {
			isa = XCConfigurationList;
			buildConfigurations = (
				F00BB61D1CED608900311635 /* Debug */,
				F00BB61E1CED608900311635 /* Release */,
			);
			defaultConfigurationIsVisible = 0;
		};
		F00BB61F1CED608900311635 /* Build configuration list for PBXNativeTarget "IOSTestUITests" */ = {
			isa = XCConfigurationList;
			buildConfigurations = (
				F00BB6201CED608900311635 /* Debug */,
				F00BB6211CED608900311635 /* Release */,
			);
			defaultConfigurationIsVisible = 0;
		};
/* End XCConfigurationList section */
	};
	rootObject = F00BB5DE1CED608700311635 /* Project object */;
}
