// !$*UTF8*$!
{
	archiveVersion = 1;
	classes = {
	};
	objectVersion = 46;
	objects = {

/* Begin PBXBuildFile section */
		F0BD2AC61CF3D8F5002B2745 /* main.m in Sources */ = {isa = PBXBuildFile; fileRef = F0BD2AC51CF3D8F5002B2745 /* main.m */; };
/* End PBXBuildFile section */

/* Begin PBXCopyFilesBuildPhase section */
		F0BD2AC01CF3D8F5002B2745 /* CopyFiles */ = {
			isa = PBXCopyFilesBuildPhase;
			buildActionMask = 2147483647;
			dstPath = /usr/share/man/man1/;
			dstSubfolderSpec = 0;
			files = (
			);
			runOnlyForDeploymentPostprocessing = 1;
		};
/* End PBXCopyFilesBuildPhase section */

/* Begin PBXFileReference section */
		F0BD2AC21CF3D8F5002B2745 /* Programming-in-Objective-C */ = {isa = PBXFileReference; explicitFileType = "compiled.mach-o.executable"; includeInIndex = 0; path = "Programming-in-Objective-C"; sourceTree = BUILT_PRODUCTS_DIR; };
		F0BD2AC51CF3D8F5002B2745 /* main.m */ = {isa = PBXFileReference; lastKnownFileType = sourcecode.c.objc; path = main.m; sourceTree = "<group>"; };
/* End PBXFileReference section */

/* Begin PBXFrameworksBuildPhase section */
		F0BD2ABF1CF3D8F5002B2745 /* Frameworks */ = {
			isa = PBXFrameworksBuildPhase;
			buildActionMask = 2147483647;
			files = (
			);
			runOnlyForDeploymentPostprocessing = 0;
		};
/* End PBXFrameworksBuildPhase section */

/* Begin PBXGroup section */
		F0BD2AB91CF3D8F5002B2745 = {
			isa = PBXGroup;
			children = (
				F0BD2AC41CF3D8F5002B2745 /* Programming-in-Objective-C */,
				F0BD2AC31CF3D8F5002B2745 /* Products */,
			);
			sourceTree = "<group>";
		};
		F0BD2AC31CF3D8F5002B2745 /* Products */ = {
			isa = PBXGroup;
			children = (
				F0BD2AC21CF3D8F5002B2745 /* Programming-in-Objective-C */,
			);
			name = Products;
			sourceTree = "<group>";
		};
		F0BD2AC41CF3D8F5002B2745 /* Programming-in-Objective-C */ = {
			isa = PBXGroup;
			children = (
				F0BD2AC51CF3D8F5002B2745 /* main.m */,
			);
			path = "Programming-in-Objective-C";
			sourceTree = "<group>";
		};
/* End PBXGroup section */

/* Begin PBXNativeTarget section */
		F0BD2AC11CF3D8F5002B2745 /* Programming-in-Objective-C */ = {
			isa = PBXNativeTarget;
			buildConfigurationList = F0BD2AC91CF3D8F5002B2745 /* Build configuration list for PBXNativeTarget "Programming-in-Objective-C" */;
			buildPhases = (
				F0BD2ABE1CF3D8F5002B2745 /* Sources */,
				F0BD2ABF1CF3D8F5002B2745 /* Frameworks */,
				F0BD2AC01CF3D8F5002B2745 /* CopyFiles */,
			);
			buildRules = (
			);
			dependencies = (
			);
			name = "Programming-in-Objective-C";
			productName = "Programming-in-Objective-C";
			productReference = F0BD2AC21CF3D8F5002B2745 /* Programming-in-Objective-C */;
			productType = "com.apple.product-type.tool";
		};
/* End PBXNativeTarget section */

/* Begin PBXProject section */
		F0BD2ABA1CF3D8F5002B2745 /* Project object */ = {
			isa = PBXProject;
			attributes = {
				LastUpgradeCheck = 0730;
				ORGANIZATIONNAME = qizl;
				TargetAttributes = {
					F0BD2AC11CF3D8F5002B2745 = {
						CreatedOnToolsVersion = 7.3;
					};
				};
			};
			buildConfigurationList = F0BD2ABD1CF3D8F5002B2745 /* Build configuration list for PBXProject "Programming-in-Objective-C" */;
			compatibilityVersion = "Xcode 3.2";
			developmentRegion = English;
			hasScannedForEncodings = 0;
			knownRegions = (
				en,
			);
			mainGroup = F0BD2AB91CF3D8F5002B2745;
			productRefGroup = F0BD2AC31CF3D8F5002B2745 /* Products */;
			projectDirPath = "";
			projectRoot = "";
			targets = (
				F0BD2AC11CF3D8F5002B2745 /* Programming-in-Objective-C */,
			);
		};
/* End PBXProject section */

/* Begin PBXSourcesBuildPhase section */
		F0BD2ABE1CF3D8F5002B2745 /* Sources */ = {
			isa = PBXSourcesBuildPhase;
			buildActionMask = 2147483647;
			files = (
				F0BD2AC61CF3D8F5002B2745 /* main.m in Sources */,
			);
			runOnlyForDeploymentPostprocessing = 0;
		};
/* End PBXSourcesBuildPhase section */

/* Begin XCBuildConfiguration section */
		F0BD2AC71CF3D8F5002B2745 /* Debug */ = {
			isa = XCBuildConfiguration;
			buildSettings = {
				ALWAYS_SEARCH_USER_PATHS = NO;
				CLANG_ANALYZER_NONNULL = YES;
				CLANG_CXX_LANGUAGE_STANDARD = "gnu++0x";
				CLANG_CXX_LIBRARY = "libc++";
				CLANG_ENABLE_MODULES = YES;
				CLANG_ENABLE_OBJC_ARC = YES;
				CLANG_WARN_BOOL_CONVERSION = YES;
				CLANG_WARN_CONSTANT_CONVERSION = YES;
				CLANG_WARN_DIRECT_OBJC_ISA_USAGE = YES_ERROR;
				CLANG_WARN_EMPTY_BODY = YES;
				CLANG_WARN_ENUM_CONVERSION = YES;
				CLANG_WARN_INT_CONVERSION = YES;
				CLANG_WARN_OBJC_ROOT_CLASS = YES_ERROR;
				CLANG_WARN_UNREACHABLE_CODE = YES;
				CLANG_WARN__DUPLICATE_METHOD_MATCH = YES;
				CODE_SIGN_IDENTITY = "-";
				COPY_PHASE_STRIP = NO;
				DEBUG_INFORMATION_FORMAT = dwarf;
				ENABLE_STRICT_OBJC_MSGSEND = YES;
				ENABLE_TESTABILITY = YES;
				GCC_C_LANGUAGE_STANDARD = gnu99;
				GCC_DYNAMIC_NO_PIC = NO;
				GCC_NO_COMMON_BLOCKS = YES;
				GCC_OPTIMIZATION_LEVEL = 0;
				GCC_PREPROCESSOR_DEFINITIONS = (
					"DEBUG=1",
					"$(inherited)",
				);
				GCC_WARN_64_TO_32_BIT_CONVERSION = YES;
				GCC_WARN_ABOUT_RETURN_TYPE = YES_ERROR;
				GCC_WARN_UNDECLARED_SELECTOR = YES;
				GCC_WARN_UNINITIALIZED_AUTOS = YES_AGGRESSIVE;
				GCC_WARN_UNUSED_FUNCTION = YES;
				GCC_WARN_UNUSED_VARIABLE = YES;
				MACOSX_DEPLOYMENT_TARGET = 10.11;
				MTL_ENABLE_DEBUG_INFO = YES;
				ONLY_ACTIVE_ARCH = YES;
				SDKROOT = macosx;
			};
			name = Debug;
		};
		F0BD2AC81CF3D8F5002B2745 /* Release */ = {
			isa = XCBuildConfiguration;
			buildSettings = {
				ALWAYS_SEARCH_USER_PATHS = NO;
				CLANG_ANALYZER_NONNULL = YES;
				CLANG_CXX_LANGUAGE_STANDARD = "gnu++0x";
				CLANG_CXX_LIBRARY = "libc++";
				CLANG_ENABLE_MODULES = YES;
				CLANG_ENABLE_OBJC_ARC = YES;
				CLANG_WARN_BOOL_CONVERSION = YES;
				CLANG_WARN_CONSTANT_CONVERSION = YES;
				CLANG_WARN_DIRECT_OBJC_ISA_USAGE = YES_ERROR;
				CLANG_WARN_EMPTY_BODY = YES;
				CLANG_WARN_ENUM_CONVERSION = YES;
				CLANG_WARN_INT_CONVERSION = YES;
				CLANG_WARN_OBJC_ROOT_CLASS = YES_ERROR;
				CLANG_WARN_UNREACHABLE_CODE = YES;
				CLANG_WARN__DUPLICATE_METHOD_MATCH = YES;
				CODE_SIGN_IDENTITY = "-";
				COPY_PHASE_STRIP = NO;
				DEBUG_INFORMATION_FORMAT = "dwarf-with-dsym";
				ENABLE_NS_ASSERTIONS = NO;
				ENABLE_STRICT_OBJC_MSGSEND = YES;
				GCC_C_LANGUAGE_STANDARD = gnu99;
				GCC_NO_COMMON_BLOCKS = YES;
				GCC_WARN_64_TO_32_BIT_CONVERSION = YES;
				GCC_WARN_ABOUT_RETURN_TYPE = YES_ERROR;
				GCC_WARN_UNDECLARED_SELECTOR = YES;
				GCC_WARN_UNINITIALIZED_AUTOS = YES_AGGRESSIVE;
				GCC_WARN_UNUSED_FUNCTION = YES;
				GCC_WARN_UNUSED_VARIABLE = YES;
				MACOSX_DEPLOYMENT_TARGET = 10.11;
				MTL_ENABLE_DEBUG_INFO = NO;
				SDKROOT = macosx;
			};
			name = Release;
		};
		F0BD2ACA1CF3D8F5002B2745 /* Debug */ = {
			isa = XCBuildConfiguration;
			buildSettings = {
				PRODUCT_NAME = "$(TARGET_NAME)";
			};
			name = Debug;
		};
		F0BD2ACB1CF3D8F5002B2745 /* Release */ = {
			isa = XCBuildConfiguration;
			buildSettings = {
				PRODUCT_NAME = "$(TARGET_NAME)";
			};
			name = Release;
		};
/* End XCBuildConfiguration section */

/* Begin XCConfigurationList section */
		F0BD2ABD1CF3D8F5002B2745 /* Build configuration list for PBXProject "Programming-in-Objective-C" */ = {
			isa = XCConfigurationList;
			buildConfigurations = (
				F0BD2AC71CF3D8F5002B2745 /* Debug */,
				F0BD2AC81CF3D8F5002B2745 /* Release */,
			);
			defaultConfigurationIsVisible = 0;
			defaultConfigurationName = Release;
		};
		F0BD2AC91CF3D8F5002B2745 /* Build configuration list for PBXNativeTarget "Programming-in-Objective-C" */ = {
			isa = XCConfigurationList;
			buildConfigurations = (
				F0BD2ACA1CF3D8F5002B2745 /* Debug */,
				F0BD2ACB1CF3D8F5002B2745 /* Release */,
			);
			defaultConfigurationIsVisible = 0;
		};
/* End XCConfigurationList section */
	};
	rootObject = F0BD2ABA1CF3D8F5002B2745 /* Project object */;
}
